
Microsoft Visual Studio Solution File, Format Version 12.00
# Visual Studio Version 18
VisualStudioVersion = 18.2.11415.280 d18.0
MinimumVisualStudioVersion = 10.0.40219.1
Project("{9A19103F-16F7-4668-BE54-9A1E7A4F7556}") = "AMWin-RichPresence", "AMWin-RichPresence\AMWin-RichPresence.csproj", "{20A2FD58-5CB0-4B91-85E6-DD8AF19737FA}"
EndProject
Global
	GlobalSection(SolutionConfigurationPlatforms) = preSolution
		Debug|Any CPU = Debug|Any CPU
		Release|Any CPU = Release|Any CPU
	EndGlobalSection
	GlobalSection(ProjectConfigurationPlatforms) = postSolution
		{20A2FD58-5CB0-4B91-85E6-DD8AF19737FA}.Debug|Any CPU.ActiveCfg = Debug|Any CPU
		{20A2FD58-5CB0-4B91-85E6-DD8AF19737FA}.Debug|Any CPU.Build.0 = Debug|Any CPU
		{20A2FD58-5CB0-4B91-85E6-DD8AF19737FA}.Release|Any CPU.ActiveCfg = Release|Any CPU
		{20A2FD58-5CB0-4B91-85E6-DD8AF19737FA}.Release|Any CPU.Build.0 = Release|Any CPU
	EndGlobalSection
	GlobalSection(SolutionProperties) = preSolution
		HideSolutionNode = FALSE
	EndGlobalSection
	GlobalSection(ExtensibilityGlobals) = postSolution
		SolutionGuid = {FD9916A7-A95E-40AE-B5D5-F1EF233DAA38}
	EndGlobalSection
EndGlobal
